
Microsoft Visual Studio Solution File, Format Version 12.00
# Visual Studio Version 17
VisualStudioVersion = 17.3.32901.215
MinimumVisualStudioVersion = 10.0.40219.1
Project("{FAE04EC0-301F-11D3-BF4B-00C04F79EFBC}") = "Musica_AdrianJimenez", "Musica_AdrianJimenez.csproj", "{FE1298D3-D4CE-4869-912C-E8A93478236D}"
EndProject
Global
	GlobalSection(SolutionConfigurationPlatforms) = preSolution
		Debug|Any CPU = Debug|Any CPU
		Release|Any CPU = Release|Any CPU
	EndGlobalSection
	GlobalSection(ProjectConfigurationPlatforms) = postSolution
		{FE1298D3-D4CE-4869-912C-E8A93478236D}.Debug|Any CPU.ActiveCfg = Debug|Any CPU
		{FE1298D3-D4CE-4869-912C-E8A93478236D}.Debug|Any CPU.Build.0 = Debug|Any CPU
		{FE1298D3-D4CE-4869-912C-E8A93478236D}.Release|Any CPU.ActiveCfg = Release|Any CPU
		{FE1298D3-D4CE-4869-912C-E8A93478236D}.Release|Any CPU.Build.0 = Release|Any CPU
	EndGlobalSection
	GlobalSection(SolutionProperties) = preSolution
		HideSolutionNode = FALSE
	EndGlobalSection
	GlobalSection(ExtensibilityGlobals) = postSolution
		SolutionGuid = {ED62A6C4-4DEC-42CD-954A-E2B7334FC6DA}
	EndGlobalSection
EndGlobal
